
Microsoft Visual Studio Solution File, Format Version 12.00
# Visual Studio Version 16
VisualStudioVersion = 16.0.31829.152
MinimumVisualStudioVersion = 10.0.40219.1
Project("{2150E333-8FDC-42A3-9474-1A3956D46DE8}") = "Services", "Services", "{657F6A08-BD85-493F-B3E5-E09A96245522}"
EndProject
Project("{2150E333-8FDC-42A3-9474-1A3956D46DE8}") = "Catalog", "Catalog", "{4C372A6A-5D0B-4D48-8E50-1DD71DFCC958}"
EndProject
Project("{9A19103F-16F7-4668-BE54-9A1E7A4F7556}") = "Catalog.API", "Services\Catalog\Catalog.API\Catalog.API.csproj", "{C5BAF0E9-78AF-4A3E-9222-1398D9E2292A}"
EndProject
Project("{E53339B2-1760-4266-BCC7-CA923CBCF16C}") = "docker-compose", "docker-compose.dcproj", "{2BB89EBC-ABB3-4BDE-91D6-CA3C4D2C0630}"
EndProject
Project("{2150E333-8FDC-42A3-9474-1A3956D46DE8}") = "Basket", "Basket", "{61E2D273-E41B-4BE1-B8A2-05A818499586}"
EndProject
Project("{9A19103F-16F7-4668-BE54-9A1E7A4F7556}") = "Basket.API", "Services\Basket\Basket.API\Basket.API.csproj", "{F2F9ED72-7058-48EC-AB17-6772315D0F7C}"
EndProject
Project("{2150E333-8FDC-42A3-9474-1A3956D46DE8}") = "Discount", "Discount", "{36305E73-6F10-43D2-BF32-1F96D60EB230}"
EndProject
Project("{9A19103F-16F7-4668-BE54-9A1E7A4F7556}") = "Discount.API", "Services\Discount\Discount.API\Discount.API.csproj", "{FDBCD478-C37D-4032-AEB8-20FD96C6E636}"
EndProject
Project("{9A19103F-16F7-4668-BE54-9A1E7A4F7556}") = "Discount.GRPC", "Services\Discount\Discount.GRPC\Discount.GRPC.csproj", "{D4D0D57D-66F3-4946-801B-1F639BF65685}"
EndProject
Project("{2150E333-8FDC-42A3-9474-1A3956D46DE8}") = "Ordering", "Ordering", "{2C36A86B-A290-4BAA-9168-EB65A02CE4F9}"
EndProject
Project("{9A19103F-16F7-4668-BE54-9A1E7A4F7556}") = "Ordering.API", "Services\Ordering\Ordering.API\Ordering.API.csproj", "{88B7C306-2AB1-417D-92E3-961398442B12}"
EndProject
Project("{9A19103F-16F7-4668-BE54-9A1E7A4F7556}") = "Ordering.Domain", "Services\Ordering\Ordering.Domain\Ordering.Domain.csproj", "{069FECE2-7564-4A7A-8FB1-ACF56D7C0696}"
EndProject
Project("{9A19103F-16F7-4668-BE54-9A1E7A4F7556}") = "Ordering.Application", "Services\Ordering\Ordering.Application\Ordering.Application.csproj", "{9E11DEF7-B17D-4170-B894-3964CCE4CFA3}"
EndProject
Project("{9A19103F-16F7-4668-BE54-9A1E7A4F7556}") = "Ordering.Infrastructure", "Services\Ordering\Ordering.Infrastructure\Ordering.Infrastructure.csproj", "{575926C9-757A-4C8B-A6EB-180D8B5CEAE4}"
EndProject
Project("{2150E333-8FDC-42A3-9474-1A3956D46DE8}") = "BuildingBlocks", "BuildingBlocks", "{AEEF5A47-02FE-4AEC-9807-C2070D921C9E}"
EndProject
Project("{FAE04EC0-301F-11D3-BF4B-00C04F79EFBC}") = "EventBus.Messages", "BuildingBlocks\EventBus.Messages\EventBus.Messages.csproj", "{19071933-20E9-4514-9F2B-5405F388A1C8}"
EndProject
Global
	GlobalSection(SolutionConfigurationPlatforms) = preSolution
		Debug|Any CPU = Debug|Any CPU
		Release|Any CPU = Release|Any CPU
	EndGlobalSection
	GlobalSection(ProjectConfigurationPlatforms) = postSolution
		{C5BAF0E9-78AF-4A3E-9222-1398D9E2292A}.Debug|Any CPU.ActiveCfg = Debug|Any CPU
		{C5BAF0E9-78AF-4A3E-9222-1398D9E2292A}.Debug|Any CPU.Build.0 = Debug|Any CPU
		{C5BAF0E9-78AF-4A3E-9222-1398D9E2292A}.Release|Any CPU.ActiveCfg = Release|Any CPU
		{C5BAF0E9-78AF-4A3E-9222-1398D9E2292A}.Release|Any CPU.Build.0 = Release|Any CPU
		{2BB89EBC-ABB3-4BDE-91D6-CA3C4D2C0630}.Debug|Any CPU.ActiveCfg = Debug|Any CPU
		{2BB89EBC-ABB3-4BDE-91D6-CA3C4D2C0630}.Debug|Any CPU.Build.0 = Debug|Any CPU
		{2BB89EBC-ABB3-4BDE-91D6-CA3C4D2C0630}.Release|Any CPU.ActiveCfg = Release|Any CPU
		{2BB89EBC-ABB3-4BDE-91D6-CA3C4D2C0630}.Release|Any CPU.Build.0 = Release|Any CPU
		{F2F9ED72-7058-48EC-AB17-6772315D0F7C}.Debug|Any CPU.ActiveCfg = Debug|Any CPU
		{F2F9ED72-7058-48EC-AB17-6772315D0F7C}.Debug|Any CPU.Build.0 = Debug|Any CPU
		{F2F9ED72-7058-48EC-AB17-6772315D0F7C}.Release|Any CPU.ActiveCfg = Release|Any CPU
		{F2F9ED72-7058-48EC-AB17-6772315D0F7C}.Release|Any CPU.Build.0 = Release|Any CPU
		{FDBCD478-C37D-4032-AEB8-20FD96C6E636}.Debug|Any CPU.ActiveCfg = Debug|Any CPU
		{FDBCD478-C37D-4032-AEB8-20FD96C6E636}.Debug|Any CPU.Build.0 = Debug|Any CPU
		{FDBCD478-C37D-4032-AEB8-20FD96C6E636}.Release|Any CPU.ActiveCfg = Release|Any CPU
		{FDBCD478-C37D-4032-AEB8-20FD96C6E636}.Release|Any CPU.Build.0 = Release|Any CPU
		{D4D0D57D-66F3-4946-801B-1F639BF65685}.Debug|Any CPU.ActiveCfg = Debug|Any CPU
		{D4D0D57D-66F3-4946-801B-1F639BF65685}.Debug|Any CPU.Build.0 = Debug|Any CPU
		{D4D0D57D-66F3-4946-801B-1F639BF65685}.Release|Any CPU.ActiveCfg = Release|Any CPU
		{D4D0D57D-66F3-4946-801B-1F639BF65685}.Release|Any CPU.Build.0 = Release|Any CPU
		{88B7C306-2AB1-417D-92E3-961398442B12}.Debug|Any CPU.ActiveCfg = Debug|Any CPU
		{88B7C306-2AB1-417D-92E3-961398442B12}.Debug|Any CPU.Build.0 = Debug|Any CPU
		{88B7C306-2AB1-417D-92E3-961398442B12}.Release|Any CPU.ActiveCfg = Release|Any CPU
		{88B7C306-2AB1-417D-92E3-961398442B12}.Release|Any CPU.Build.0 = Release|Any CPU
		{069FECE2-7564-4A7A-8FB1-ACF56D7C0696}.Debug|Any CPU.ActiveCfg = Debug|Any CPU
		{069FECE2-7564-4A7A-8FB1-ACF56D7C0696}.Debug|Any CPU.Build.0 = Debug|Any CPU
		{069FECE2-7564-4A7A-8FB1-ACF56D7C0696}.Release|Any CPU.ActiveCfg = Release|Any CPU
		{069FECE2-7564-4A7A-8FB1-ACF56D7C0696}.Release|Any CPU.Build.0 = Release|Any CPU
		{9E11DEF7-B17D-4170-B894-3964CCE4CFA3}.Debug|Any CPU.ActiveCfg = Debug|Any CPU
		{9E11DEF7-B17D-4170-B894-3964CCE4CFA3}.Debug|Any CPU.Build.0 = Debug|Any CPU
		{9E11DEF7-B17D-4170-B894-3964CCE4CFA3}.Release|Any CPU.ActiveCfg = Release|Any CPU
		{9E11DEF7-B17D-4170-B894-3964CCE4CFA3}.Release|Any CPU.Build.0 = Release|Any CPU
		{575926C9-757A-4C8B-A6EB-180D8B5CEAE4}.Debug|Any CPU.ActiveCfg = Debug|Any CPU
		{575926C9-757A-4C8B-A6EB-180D8B5CEAE4}.Debug|Any CPU.Build.0 = Debug|Any CPU
		{575926C9-757A-4C8B-A6EB-180D8B5CEAE4}.Release|Any CPU.ActiveCfg = Release|Any CPU
		{575926C9-757A-4C8B-A6EB-180D8B5CEAE4}.Release|Any CPU.Build.0 = Release|Any CPU
		{19071933-20E9-4514-9F2B-5405F388A1C8}.Debug|Any CPU.ActiveCfg = Debug|Any CPU
		{19071933-20E9-4514-9F2B-5405F388A1C8}.Debug|Any CPU.Build.0 = Debug|Any CPU
		{19071933-20E9-4514-9F2B-5405F388A1C8}.Release|Any CPU.ActiveCfg = Release|Any CPU
		{19071933-20E9-4514-9F2B-5405F388A1C8}.Release|Any CPU.Build.0 = Release|Any CPU
	EndGlobalSection
	GlobalSection(SolutionProperties) = preSolution
		HideSolutionNode = FALSE
	EndGlobalSection
	GlobalSection(NestedProjects) = preSolution
		{4C372A6A-5D0B-4D48-8E50-1DD71DFCC958} = {657F6A08-BD85-493F-B3E5-E09A96245522}
		{C5BAF0E9-78AF-4A3E-9222-1398D9E2292A} = {4C372A6A-5D0B-4D48-8E50-1DD71DFCC958}
		{61E2D273-E41B-4BE1-B8A2-05A818499586} = {657F6A08-BD85-493F-B3E5-E09A96245522}
		{F2F9ED72-7058-48EC-AB17-6772315D0F7C} = {61E2D273-E41B-4BE1-B8A2-05A818499586}
		{36305E73-6F10-43D2-BF32-1F96D60EB230} = {657F6A08-BD85-493F-B3E5-E09A96245522}
		{FDBCD478-C37D-4032-AEB8-20FD96C6E636} = {36305E73-6F10-43D2-BF32-1F96D60EB230}
		{D4D0D57D-66F3-4946-801B-1F639BF65685} = {36305E73-6F10-43D2-BF32-1F96D60EB230}
		{2C36A86B-A290-4BAA-9168-EB65A02CE4F9} = {657F6A08-BD85-493F-B3E5-E09A96245522}
		{88B7C306-2AB1-417D-92E3-961398442B12} = {2C36A86B-A290-4BAA-9168-EB65A02CE4F9}
		{069FECE2-7564-4A7A-8FB1-ACF56D7C0696} = {2C36A86B-A290-4BAA-9168-EB65A02CE4F9}
		{9E11DEF7-B17D-4170-B894-3964CCE4CFA3} = {2C36A86B-A290-4BAA-9168-EB65A02CE4F9}
		{575926C9-757A-4C8B-A6EB-180D8B5CEAE4} = {2C36A86B-A290-4BAA-9168-EB65A02CE4F9}
		{19071933-20E9-4514-9F2B-5405F388A1C8} = {AEEF5A47-02FE-4AEC-9807-C2070D921C9E}
	EndGlobalSection
	GlobalSection(ExtensibilityGlobals) = postSolution
		SolutionGuid = {60A0AC9C-AA0B-4D15-A646-3775FAD6671B}
	EndGlobalSection
EndGlobal
